{
  "name": "amon-agent",
  "version": "1.0.0",
  "dependencies": {
    "amon-common": {
      "version": "1.0.0",
      "dependencies": {
        "bunyan": {
          "version": "0.10.0"
        },
        "restify": {
          "version": "1.4.3",
          "dependencies": {
            "async": {
              "version": "0.1.22"
            },
            "bunyan": {
              "version": "0.8.0"
            },
            "byline": {
              "version": "2.0.2"
            },
            "formidable": {
              "version": "1.0.11"
            },
            "dtrace-provider": {
              "version": "0.0.6"
            },
            "http-signature": {
              "version": "0.9.9",
              "dependencies": {
                "asn1": {
                  "version": "0.1.11"
                },
                "ctype": {
                  "version": "0.5.0"
                }
              }
            },
            "lru-cache": {
              "version": "1.1.0"
            },
            "mime": {
              "version": "1.2.5"
            },
            "qs": {
              "version": "0.5.0"
            },
            "retry": {
              "version": "0.6.0"
            },
            "semver": {
              "version": "1.0.14"
            }
          }
        },
        "node-uuid": {
          "version": "1.3.3"
        }
      }
    },
    "amon-plugins": {
      "version": "1.0.0",
      "dependencies": {
        "bunyan": {
          "version": "0.10.0"
        },
        "tap": {
          "version": "0.2.5",
          "dependencies": {
            "inherits": {
              "version": "1.0.0"
            },
            "yamlish": {
              "version": "0.0.5"
            },
            "slide": {
              "version": "1.1.3"
            },
            "runforcover": {
              "version": "0.0.2",
              "dependencies": {
                "bunker": {
                  "version": "0.1.2",
                  "dependencies": {
                    "burrito": {
                      "version": "0.2.12",
                      "dependencies": {
                        "traverse": {
                          "version": "0.5.2"
                        },
                        "uglify-js": {
                          "version": "1.1.1"
                        }
                      }
                    }
                  }
                }
              }
            },
            "nopt": {
              "version": "1.0.10",
              "dependencies": {
                "abbrev": {
                  "version": "1.0.3"
                }
              }
            },
            "mkdirp": {
              "version": "0.3.3"
            },
            "difflet": {
              "version": "0.2.1",
              "dependencies": {
                "traverse": {
                  "version": "0.6.3"
                },
                "charm": {
                  "version": "0.0.8"
                }
              }
            },
            "deep-equal": {
              "version": "0.0.0"
            },
            "buffer-equal": {
              "version": "0.0.0"
            }
          }
        }
      }
    },
    "bunyan": {
      "version": "0.10.0"
    },
    "restify": {
      "version": "1.4.3",
      "dependencies": {
        "async": {
          "version": "0.1.22"
        },
        "bunyan": {
          "version": "0.8.0"
        },
        "byline": {
          "version": "2.0.2"
        },
        "formidable": {
          "version": "1.0.11"
        },
        "dtrace-provider": {
          "version": "0.0.6"
        },
        "http-signature": {
          "version": "0.9.9",
          "dependencies": {
            "asn1": {
              "version": "0.1.11"
            },
            "ctype": {
              "version": "0.5.0"
            }
          }
        },
        "lru-cache": {
          "version": "1.1.0"
        },
        "mime": {
          "version": "1.2.5"
        },
        "node-uuid": {
          "version": "1.3.3"
        },
        "qs": {
          "version": "0.5.0"
        },
        "retry": {
          "version": "0.6.0"
        },
        "semver": {
          "version": "1.0.14"
        }
      }
    },
    "nopt": {
      "version": "1.0.10",
      "dependencies": {
        "abbrev": {
          "version": "1.0.3"
        }
      }
    },
    "zutil": {
      "version": "0.2.1"
    }
  }
}
